{
  "name": "OhSansi",
  "lockfileVersion": 3,
  "requires": true,
  "packages": {
    "": {
      "dependencies": {
        "react-data-table-component": "^7.7.0",
        "react-table": "^7.8.0"
      }
    },
    "node_modules/deepmerge": {
      "version": "4.3.1",
      "resolved": "https://registry.npmjs.org/deepmerge/-/deepmerge-4.3.1.tgz",
      "integrity": "sha512-3sUqbMEc77XqpdNO7FRyRog+eW3ph+GYCbj+rK+uYyRMuwsVy0rMiVtPn+QJlKFvWP/1PYpapqYn0Me2knFn+A==",
      "license": "MIT",
      "engines": {
        "node": ">=0.10.0"
      }
    },
    "node_modules/react-data-table-component": {
      "version": "7.7.0",
      "resolved": "https://registry.npmjs.org/react-data-table-component/-/react-data-table-component-7.7.0.tgz",
      "integrity": "sha512-5knL6zMSKlbvzu9P04KM5Lx8/EyQujb4I9z3rWeoVX++IDJadQ7aR4X5J6EeS90wjK0Xoa6btaVeglnCAqD2ag==",
      "license": "Apache-2.0",
      "dependencies": {
        "deepmerge": "^4.3.1"
      },
      "peerDependencies": {
        "react": ">= 17.0.0",
        "styled-components": ">= 5.0.0"
      },
      "peerDependenciesMeta": {
        "styled-components": {
          "optional": false
        }
      }
    },
    "node_modules/react-table": {
      "version": "7.8.0",
      "resolved": "https://registry.npmjs.org/react-table/-/react-table-7.8.0.tgz",
      "integrity": "sha512-hNaz4ygkZO4bESeFfnfOft73iBUj8K5oKi1EcSHPAibEydfsX2MyU6Z8KCr3mv3C9Kqqh71U+DhZkFvibbnPbA==",
      "license": "MIT",
      "funding": {
        "type": "github",
        "url": "https://github.com/sponsors/tannerlinsley"
      },
      "peerDependencies": {
        "react": "^16.8.3 || ^17.0.0-0 || ^18.0.0"
      }
    }
  }
}
